// !$*UTF8*$!
{
	archiveVersion = 1;
	classes = {
	};
	objectVersion = 50;
	objects = {

/* Begin PBXBuildFile section */
		0D4E998C265304FF003A4947 /* AppDelegate.swift in Sources */ = {isa = PBXBuildFile; fileRef = 0D4E998B265304FF003A4947 /* AppDelegate.swift */; };
		0D4E998E265304FF003A4947 /* SceneDelegate.swift in Sources */ = {isa = PBXBuildFile; fileRef = 0D4E998D265304FF003A4947 /* SceneDelegate.swift */; };
		0D4E9993265304FF003A4947 /* Main.storyboard in Resources */ = {isa = PBXBuildFile; fileRef = 0D4E9991265304FF003A4947 /* Main.storyboard */; };
		0D4E999526530501003A4947 /* Assets.xcassets in Resources */ = {isa = PBXBuildFile; fileRef = 0D4E999426530501003A4947 /* Assets.xcassets */; };
		0D4E999826530501003A4947 /* LaunchScreen.storyboard in Resources */ = {isa = PBXBuildFile; fileRef = 0D4E999626530501003A4947 /* LaunchScreen.storyboard */; };
		0D4E99AA265305B9003A4947 /* StyleGuide.swift in Sources */ = {isa = PBXBuildFile; fileRef = 0D4E99A9265305B9003A4947 /* StyleGuide.swift */; };
		0D4E99B026530BD3003A4947 /* CalculatorViewController.swift in Sources */ = {isa = PBXBuildFile; fileRef = 0D4E99AF26530BD3003A4947 /* CalculatorViewController.swift */; };
		0D4E99B2265327B9003A4947 /* NumberButton.swift in Sources */ = {isa = PBXBuildFile; fileRef = 0D4E99B1265327B9003A4947 /* NumberButton.swift */; };
		0D4E99B4265327D0003A4947 /* OperationButton.swift in Sources */ = {isa = PBXBuildFile; fileRef = 0D4E99B3265327D0003A4947 /* OperationButton.swift */; };
		0D4E99B6265327E4003A4947 /* ClearButton.swift in Sources */ = {isa = PBXBuildFile; fileRef = 0D4E99B5265327E4003A4947 /* ClearButton.swift */; };
		0D4E99B82653281A003A4947 /* OutputBoxLabel.swift in Sources */ = {isa = PBXBuildFile; fileRef = 0D4E99B72653281A003A4947 /* OutputBoxLabel.swift */; };
/* End PBXBuildFile section */

/* Begin PBXFileReference section */
		0D4E9988265304FF003A4947 /* calculator-Proj.app */ = {isa = PBXFileReference; explicitFileType = wrapper.application; includeInIndex = 0; path = "calculator-Proj.app"; sourceTree = BUILT_PRODUCTS_DIR; };
		0D4E998B265304FF003A4947 /* AppDelegate.swift */ = {isa = PBXFileReference; lastKnownFileType = sourcecode.swift; path = AppDelegate.swift; sourceTree = "<group>"; };
		0D4E998D265304FF003A4947 /* SceneDelegate.swift */ = {isa = PBXFileReference; lastKnownFileType = sourcecode.swift; path = SceneDelegate.swift; sourceTree = "<group>"; };
		0D4E9992265304FF003A4947 /* Base */ = {isa = PBXFileReference; lastKnownFileType = file.storyboard; name = Base; path = Base.lproj/Main.storyboard; sourceTree = "<group>"; };
		0D4E999426530501003A4947 /* Assets.xcassets */ = {isa = PBXFileReference; lastKnownFileType = folder.assetcatalog; path = Assets.xcassets; sourceTree = "<group>"; };
		0D4E999726530501003A4947 /* Base */ = {isa = PBXFileReference; lastKnownFileType = file.storyboard; name = Base; path = Base.lproj/LaunchScreen.storyboard; sourceTree = "<group>"; };
		0D4E999926530501003A4947 /* Info.plist */ = {isa = PBXFileReference; lastKnownFileType = text.plist.xml; path = Info.plist; sourceTree = "<group>"; };
		0D4E99A9265305B9003A4947 /* StyleGuide.swift */ = {isa = PBXFileReference; lastKnownFileType = sourcecode.swift; path = StyleGuide.swift; sourceTree = "<group>"; };
		0D4E99AF26530BD3003A4947 /* CalculatorViewController.swift */ = {isa = PBXFileReference; lastKnownFileType = sourcecode.swift; path = CalculatorViewController.swift; sourceTree = "<group>"; };
		0D4E99B1265327B9003A4947 /* NumberButton.swift */ = {isa = PBXFileReference; lastKnownFileType = sourcecode.swift; path = NumberButton.swift; sourceTree = "<group>"; };
		0D4E99B3265327D0003A4947 /* OperationButton.swift */ = {isa = PBXFileReference; lastKnownFileType = sourcecode.swift; path = OperationButton.swift; sourceTree = "<group>"; };
		0D4E99B5265327E4003A4947 /* ClearButton.swift */ = {isa = PBXFileReference; lastKnownFileType = sourcecode.swift; path = ClearButton.swift; sourceTree = "<group>"; };
		0D4E99B72653281A003A4947 /* OutputBoxLabel.swift */ = {isa = PBXFileReference; lastKnownFileType = sourcecode.swift; path = OutputBoxLabel.swift; sourceTree = "<group>"; };
/* End PBXFileReference section */

/* Begin PBXFrameworksBuildPhase section */
		0D4E9985265304FF003A4947 /* Frameworks */ = {
			isa = PBXFrameworksBuildPhase;
			buildActionMask = 2147483647;
			files = (
			);
			runOnlyForDeploymentPostprocessing = 0;
		};
/* End PBXFrameworksBuildPhase section */

/* Begin PBXGroup section */
		0D4E997F265304FF003A4947 = {
			isa = PBXGroup;
			children = (
				0D4E998A265304FF003A4947 /* calculator-Proj */,
				0D4E9989265304FF003A4947 /* Products */,
			);
			sourceTree = "<group>";
		};
		0D4E9989265304FF003A4947 /* Products */ = {
			isa = PBXGroup;
			children = (
				0D4E9988265304FF003A4947 /* calculator-Proj.app */,
			);
			name = Products;
			sourceTree = "<group>";
		};
		0D4E998A265304FF003A4947 /* calculator-Proj */ = {
			isa = PBXGroup;
			children = (
				0D4E99A426530577003A4947 /* StyleGuide */,
				0D4E99A326530560003A4947 /* Helpers */,
				0D4E99A226530558003A4947 /* Models */,
				0D4E99A126530554003A4947 /* Controllers */,
				0D4E99A026530546003A4947 /* Views */,
				0D4E999F26530540003A4947 /* Resources */,
			);
			path = "calculator-Proj";
			sourceTree = "<group>";
		};
		0D4E999F26530540003A4947 /* Resources */ = {
			isa = PBXGroup;
			children = (
				0D4E999626530501003A4947 /* LaunchScreen.storyboard */,
				0D4E998B265304FF003A4947 /* AppDelegate.swift */,
				0D4E998D265304FF003A4947 /* SceneDelegate.swift */,
				0D4E999426530501003A4947 /* Assets.xcassets */,
				0D4E999926530501003A4947 /* Info.plist */,
			);
			path = Resources;
			sourceTree = "<group>";
		};
		0D4E99A026530546003A4947 /* Views */ = {
			isa = PBXGroup;
			children = (
				0D4E99AC265305CE003A4947 /* CustomViews */,
				0D4E99AB265305C8003A4947 /* Storyboards */,
			);
			path = Views;
			sourceTree = "<group>";
		};
		0D4E99A126530554003A4947 /* Controllers */ = {
			isa = PBXGroup;
			children = (
				0D4E99AE265305E4003A4947 /* ViewControllers */,
				0D4E99AD265305D6003A4947 /* ModelControllers */,
			);
			path = Controllers;
			sourceTree = "<group>";
		};
		0D4E99A226530558003A4947 /* Models */ = {
			isa = PBXGroup;
			children = (
			);
			path = Models;
			sourceTree = "<group>";
		};
		0D4E99A326530560003A4947 /* Helpers */ = {
			isa = PBXGroup;
			children = (
			);
			path = Helpers;
			sourceTree = "<group>";
		};
		0D4E99A426530577003A4947 /* StyleGuide */ = {
			isa = PBXGroup;
			children = (
				0D4E99A526530582003A4947 /* CustomElements */,
			);
			path = StyleGuide;
			sourceTree = "<group>";
		};
		0D4E99A526530582003A4947 /* CustomElements */ = {
			isa = PBXGroup;
			children = (
				0D4E99A726530594003A4947 /* Labels */,
				0D4E99A626530590003A4947 /* Buttons */,
				0D4E99A9265305B9003A4947 /* StyleGuide.swift */,
			);
			path = CustomElements;
			sourceTree = "<group>";
		};
		0D4E99A626530590003A4947 /* Buttons */ = {
			isa = PBXGroup;
			children = (
				0D4E99B1265327B9003A4947 /* NumberButton.swift */,
				0D4E99B3265327D0003A4947 /* OperationButton.swift */,
				0D4E99B5265327E4003A4947 /* ClearButton.swift */,
			);
			path = Buttons;
			sourceTree = "<group>";
		};
		0D4E99A726530594003A4947 /* Labels */ = {
			isa = PBXGroup;
			children = (
				0D4E99B72653281A003A4947 /* OutputBoxLabel.swift */,
			);
			path = Labels;
			sourceTree = "<group>";
		};
		0D4E99AB265305C8003A4947 /* Storyboards */ = {
			isa = PBXGroup;
			children = (
				0D4E9991265304FF003A4947 /* Main.storyboard */,
			);
			path = Storyboards;
			sourceTree = "<group>";
		};
		0D4E99AC265305CE003A4947 /* CustomViews */ = {
			isa = PBXGroup;
			children = (
			);
			path = CustomViews;
			sourceTree = "<group>";
		};
		0D4E99AD265305D6003A4947 /* ModelControllers */ = {
			isa = PBXGroup;
			children = (
			);
			path = ModelControllers;
			sourceTree = "<group>";
		};
		0D4E99AE265305E4003A4947 /* ViewControllers */ = {
			isa = PBXGroup;
			children = (
				0D4E99AF26530BD3003A4947 /* CalculatorViewController.swift */,
			);
			path = ViewControllers;
			sourceTree = "<group>";
		};
/* End PBXGroup section */

/* Begin PBXNativeTarget section */
		0D4E9987265304FF003A4947 /* calculator-Proj */ = {
			isa = PBXNativeTarget;
			buildConfigurationList = 0D4E999C26530501003A4947 /* Build configuration list for PBXNativeTarget "calculator-Proj" */;
			buildPhases = (
				0D4E9984265304FF003A4947 /* Sources */,
				0D4E9985265304FF003A4947 /* Frameworks */,
				0D4E9986265304FF003A4947 /* Resources */,
			);
			buildRules = (
			);
			dependencies = (
			);
			name = "calculator-Proj";
			productName = "calculator-Proj";
			productReference = 0D4E9988265304FF003A4947 /* calculator-Proj.app */;
			productType = "com.apple.product-type.application";
		};
/* End PBXNativeTarget section */

/* Begin PBXProject section */
		0D4E9980265304FF003A4947 /* Project object */ = {
			isa = PBXProject;
			attributes = {
				LastSwiftUpdateCheck = 1250;
				LastUpgradeCheck = 1250;
				TargetAttributes = {
					0D4E9987265304FF003A4947 = {
						CreatedOnToolsVersion = 12.5;
					};
				};
			};
			buildConfigurationList = 0D4E9983265304FF003A4947 /* Build configuration list for PBXProject "calculator-Proj" */;
			compatibilityVersion = "Xcode 9.3";
			developmentRegion = en;
			hasScannedForEncodings = 0;
			knownRegions = (
				en,
				Base,
			);
			mainGroup = 0D4E997F265304FF003A4947;
			productRefGroup = 0D4E9989265304FF003A4947 /* Products */;
			projectDirPath = "";
			projectRoot = "";
			targets = (
				0D4E9987265304FF003A4947 /* calculator-Proj */,
			);
		};
/* End PBXProject section */

/* Begin PBXResourcesBuildPhase section */
		0D4E9986265304FF003A4947 /* Resources */ = {
			isa = PBXResourcesBuildPhase;
			buildActionMask = 2147483647;
			files = (
				0D4E999826530501003A4947 /* LaunchScreen.storyboard in Resources */,
				0D4E999526530501003A4947 /* Assets.xcassets in Resources */,
				0D4E9993265304FF003A4947 /* Main.storyboard in Resources */,
			);
			runOnlyForDeploymentPostprocessing = 0;
		};
/* End PBXResourcesBuildPhase section */

/* Begin PBXSourcesBuildPhase section */
		0D4E9984265304FF003A4947 /* Sources */ = {
			isa = PBXSourcesBuildPhase;
			buildActionMask = 2147483647;
			files = (
				0D4E998C265304FF003A4947 /* AppDelegate.swift in Sources */,
				0D4E99B82653281A003A4947 /* OutputBoxLabel.swift in Sources */,
				0D4E99AA265305B9003A4947 /* StyleGuide.swift in Sources */,
				0D4E99B026530BD3003A4947 /* CalculatorViewController.swift in Sources */,
				0D4E99B4265327D0003A4947 /* OperationButton.swift in Sources */,
				0D4E99B2265327B9003A4947 /* NumberButton.swift in Sources */,
				0D4E998E265304FF003A4947 /* SceneDelegate.swift in Sources */,
				0D4E99B6265327E4003A4947 /* ClearButton.swift in Sources */,
			);
			runOnlyForDeploymentPostprocessing = 0;
		};
/* End PBXSourcesBuildPhase section */

/* Begin PBXVariantGroup section */
		0D4E9991265304FF003A4947 /* Main.storyboard */ = {
			isa = PBXVariantGroup;
			children = (
				0D4E9992265304FF003A4947 /* Base */,
			);
			name = Main.storyboard;
			sourceTree = "<group>";
		};
		0D4E999626530501003A4947 /* LaunchScreen.storyboard */ = {
			isa = PBXVariantGroup;
			children = (
				0D4E999726530501003A4947 /* Base */,
			);
			name = LaunchScreen.storyboard;
			sourceTree = "<group>";
		};
/* End PBXVariantGroup section */

/* Begin XCBuildConfiguration section */
		0D4E999A26530501003A4947 /* Debug */ = {
			isa = XCBuildConfiguration;
			buildSettings = {
				ALWAYS_SEARCH_USER_PATHS = NO;
				CLANG_ANALYZER_NONNULL = YES;
				CLANG_ANALYZER_NUMBER_OBJECT_CONVERSION = YES_AGGRESSIVE;
				CLANG_CXX_LANGUAGE_STANDARD = "gnu++14";
				CLANG_CXX_LIBRARY = "libc++";
				CLANG_ENABLE_MODULES = YES;
				CLANG_ENABLE_OBJC_ARC = YES;
				CLANG_ENABLE_OBJC_WEAK = YES;
				CLANG_WARN_BLOCK_CAPTURE_AUTORELEASING = YES;
				CLANG_WARN_BOOL_CONVERSION = YES;
				CLANG_WARN_COMMA = YES;
				CLANG_WARN_CONSTANT_CONVERSION = YES;
				CLANG_WARN_DEPRECATED_OBJC_IMPLEMENTATIONS = YES;
				CLANG_WARN_DIRECT_OBJC_ISA_USAGE = YES_ERROR;
				CLANG_WARN_DOCUMENTATION_COMMENTS = YES;
				CLANG_WARN_EMPTY_BODY = YES;
				CLANG_WARN_ENUM_CONVERSION = YES;
				CLANG_WARN_INFINITE_RECURSION = YES;
				CLANG_WARN_INT_CONVERSION = YES;
				CLANG_WARN_NON_LITERAL_NULL_CONVERSION = YES;
				CLANG_WARN_OBJC_IMPLICIT_RETAIN_SELF = YES;
				CLANG_WARN_OBJC_LITERAL_CONVERSION = YES;
				CLANG_WARN_OBJC_ROOT_CLASS = YES_ERROR;
				CLANG_WARN_QUOTED_INCLUDE_IN_FRAMEWORK_HEADER = YES;
				CLANG_WARN_RANGE_LOOP_ANALYSIS = YES;
				CLANG_WARN_STRICT_PROTOTYPES = YES;
				CLANG_WARN_SUSPICIOUS_MOVE = YES;
				CLANG_WARN_UNGUARDED_AVAILABILITY = YES_AGGRESSIVE;
				CLANG_WARN_UNREACHABLE_CODE = YES;
				CLANG_WARN__DUPLICATE_METHOD_MATCH = YES;
				COPY_PHASE_STRIP = NO;
				DEBUG_INFORMATION_FORMAT = dwarf;
				ENABLE_STRICT_OBJC_MSGSEND = YES;
				ENABLE_TESTABILITY = YES;
				GCC_C_LANGUAGE_STANDARD = gnu11;
				GCC_DYNAMIC_NO_PIC = NO;
				GCC_NO_COMMON_BLOCKS = YES;
				GCC_OPTIMIZATION_LEVEL = 0;
				GCC_PREPROCESSOR_DEFINITIONS = (
					"DEBUG=1",
					"$(inherited)",
				);
				GCC_WARN_64_TO_32_BIT_CONVERSION = YES;
				GCC_WARN_ABOUT_RETURN_TYPE = YES_ERROR;
				GCC_WARN_UNDECLARED_SELECTOR = YES;
				GCC_WARN_UNINITIALIZED_AUTOS = YES_AGGRESSIVE;
				GCC_WARN_UNUSED_FUNCTION = YES;
				GCC_WARN_UNUSED_VARIABLE = YES;
				IPHONEOS_DEPLOYMENT_TARGET = 14.5;
				MTL_ENABLE_DEBUG_INFO = INCLUDE_SOURCE;
				MTL_FAST_MATH = YES;
				ONLY_ACTIVE_ARCH = YES;
				SDKROOT = iphoneos;
				SWIFT_ACTIVE_COMPILATION_CONDITIONS = DEBUG;
				SWIFT_OPTIMIZATION_LEVEL = "-Onone";
			};
			name = Debug;
		};
		0D4E999B26530501003A4947 /* Release */ = {
			isa = XCBuildConfiguration;
			buildSettings = {
				ALWAYS_SEARCH_USER_PATHS = NO;
				CLANG_ANALYZER_NONNULL = YES;
				CLANG_ANALYZER_NUMBER_OBJECT_CONVERSION = YES_AGGRESSIVE;
				CLANG_CXX_LANGUAGE_STANDARD = "gnu++14";
				CLANG_CXX_LIBRARY = "libc++";
				CLANG_ENABLE_MODULES = YES;
				CLANG_ENABLE_OBJC_ARC = YES;
				CLANG_ENABLE_OBJC_WEAK = YES;
				CLANG_WARN_BLOCK_CAPTURE_AUTORELEASING = YES;
				CLANG_WARN_BOOL_CONVERSION = YES;
				CLANG_WARN_COMMA = YES;
				CLANG_WARN_CONSTANT_CONVERSION = YES;
				CLANG_WARN_DEPRECATED_OBJC_IMPLEMENTATIONS = YES;
				CLANG_WARN_DIRECT_OBJC_ISA_USAGE = YES_ERROR;
				CLANG_WARN_DOCUMENTATION_COMMENTS = YES;
				CLANG_WARN_EMPTY_BODY = YES;
				CLANG_WARN_ENUM_CONVERSION = YES;
				CLANG_WARN_INFINITE_RECURSION = YES;
				CLANG_WARN_INT_CONVERSION = YES;
				CLANG_WARN_NON_LITERAL_NULL_CONVERSION = YES;
				CLANG_WARN_OBJC_IMPLICIT_RETAIN_SELF = YES;
				CLANG_WARN_OBJC_LITERAL_CONVERSION = YES;
				CLANG_WARN_OBJC_ROOT_CLASS = YES_ERROR;
				CLANG_WARN_QUOTED_INCLUDE_IN_FRAMEWORK_HEADER = YES;
				CLANG_WARN_RANGE_LOOP_ANALYSIS = YES;
				CLANG_WARN_STRICT_PROTOTYPES = YES;
				CLANG_WARN_SUSPICIOUS_MOVE = YES;
				CLANG_WARN_UNGUARDED_AVAILABILITY = YES_AGGRESSIVE;
				CLANG_WARN_UNREACHABLE_CODE = YES;
				CLANG_WARN__DUPLICATE_METHOD_MATCH = YES;
				COPY_PHASE_STRIP = NO;
				DEBUG_INFORMATION_FORMAT = "dwarf-with-dsym";
				ENABLE_NS_ASSERTIONS = NO;
				ENABLE_STRICT_OBJC_MSGSEND = YES;
				GCC_C_LANGUAGE_STANDARD = gnu11;
				GCC_NO_COMMON_BLOCKS = YES;
				GCC_WARN_64_TO_32_BIT_CONVERSION = YES;
				GCC_WARN_ABOUT_RETURN_TYPE = YES_ERROR;
				GCC_WARN_UNDECLARED_SELECTOR = YES;
				GCC_WARN_UNINITIALIZED_AUTOS = YES_AGGRESSIVE;
				GCC_WARN_UNUSED_FUNCTION = YES;
				GCC_WARN_UNUSED_VARIABLE = YES;
				IPHONEOS_DEPLOYMENT_TARGET = 14.5;
				MTL_ENABLE_DEBUG_INFO = NO;
				MTL_FAST_MATH = YES;
				SDKROOT = iphoneos;
				SWIFT_COMPILATION_MODE = wholemodule;
				SWIFT_OPTIMIZATION_LEVEL = "-O";
				VALIDATE_PRODUCT = YES;
			};
			name = Release;
		};
		0D4E999D26530501003A4947 /* Debug */ = {
			isa = XCBuildConfiguration;
			buildSettings = {
				ASSETCATALOG_COMPILER_APPICON_NAME = AppIcon;
				ASSETCATALOG_COMPILER_GLOBAL_ACCENT_COLOR_NAME = AccentColor;
				CODE_SIGN_STYLE = Automatic;
				INFOPLIST_FILE = "calculator-Proj/Resources/Info.plist";
				LD_RUNPATH_SEARCH_PATHS = (
					"$(inherited)",
					"@executable_path/Frameworks",
				);
				PRODUCT_BUNDLE_IDENTIFIER = "James-Lea.calculator-Proj";
				PRODUCT_NAME = "$(TARGET_NAME)";
				SWIFT_VERSION = 5.0;
				TARGETED_DEVICE_FAMILY = "1,2";
			};
			name = Debug;
		};
		0D4E999E26530501003A4947 /* Release */ = {
			isa = XCBuildConfiguration;
			buildSettings = {
				ASSETCATALOG_COMPILER_APPICON_NAME = AppIcon;
				ASSETCATALOG_COMPILER_GLOBAL_ACCENT_COLOR_NAME = AccentColor;
				CODE_SIGN_STYLE = Automatic;
				INFOPLIST_FILE = "calculator-Proj/Resources/Info.plist";
				LD_RUNPATH_SEARCH_PATHS = (
					"$(inherited)",
					"@executable_path/Frameworks",
				);
				PRODUCT_BUNDLE_IDENTIFIER = "James-Lea.calculator-Proj";
				PRODUCT_NAME = "$(TARGET_NAME)";
				SWIFT_VERSION = 5.0;
				TARGETED_DEVICE_FAMILY = "1,2";
			};
			name = Release;
		};
/* End XCBuildConfiguration section */

/* Begin XCConfigurationList section */
		0D4E9983265304FF003A4947 /* Build configuration list for PBXProject "calculator-Proj" */ = {
			isa = XCConfigurationList;
			buildConfigurations = (
				0D4E999A26530501003A4947 /* Debug */,
				0D4E999B26530501003A4947 /* Release */,
			);
			defaultConfigurationIsVisible = 0;
			defaultConfigurationName = Release;
		};
		0D4E999C26530501003A4947 /* Build configuration list for PBXNativeTarget "calculator-Proj" */ = {
			isa = XCConfigurationList;
			buildConfigurations = (
				0D4E999D26530501003A4947 /* Debug */,
				0D4E999E26530501003A4947 /* Release */,
			);
			defaultConfigurationIsVisible = 0;
			defaultConfigurationName = Release;
		};
/* End XCConfigurationList section */
	};
	rootObject = 0D4E9980265304FF003A4947 /* Project object */;
}
